
Microsoft Visual Studio Solution File, Format Version 12.00
# Visual Studio Version 17
VisualStudioVersion = 17.0.31919.166
MinimumVisualStudioVersion = 10.0.40219.1
Project("{9A19103F-16F7-4668-BE54-9A1E7A4F7556}") = "Nexus.OAuth.Api", "Nexus.OAuth.Api\Nexus.OAuth.Api.csproj", "{2E03866C-A339-42C7-AD79-A7EA856C20D1}"
EndProject
Project("{9A19103F-16F7-4668-BE54-9A1E7A4F7556}") = "Nexus.OAuth.Dal", "Nexus.OAuth.Dal\Nexus.OAuth.Dal.csproj", "{16BF2F71-A9C3-46FF-9AEE-FB6DA21584E5}"
EndProject
Project("{9A19103F-16F7-4668-BE54-9A1E7A4F7556}") = "Nexus.OAuth.Web", "Nexus.OAuth.Web\Nexus.OAuth.Web.csproj", "{D640D767-22CC-418A-A393-0A3D00580ABF}"
EndProject
Project("{9A19103F-16F7-4668-BE54-9A1E7A4F7556}") = "Nexus.OAuth.Domain", "Nexus.OAuth.Domain\Nexus.OAuth.Domain.csproj", "{EDC7263C-1E46-42C7-B81B-5B72C0EAEE55}"
EndProject
Project("{2150E333-8FDC-42A3-9474-1A3956D46DE8}") = "Client", "Client", "{28D2E67C-D51A-4F53-9508-219FF73F0368}"
EndProject
Project("{2150E333-8FDC-42A3-9474-1A3956D46DE8}") = "Api", "Api", "{7336DD91-318D-46CF-8566-E898F60AD147}"
EndProject
Project("{9A19103F-16F7-4668-BE54-9A1E7A4F7556}") = "Nexus.OAuth.Libary", "Nexus.OAuth.Libary\Nexus.OAuth.Libary.csproj", "{1DAA4A76-48E9-44F6-9ABE-ED9102F3B527}"
EndProject
Project("{9A19103F-16F7-4668-BE54-9A1E7A4F7556}") = "Nexus.OAuth.Libary.Test", "Nexus.OAuth.Libary.Test\Nexus.OAuth.Libary.Test.csproj", "{232AEFF3-C074-41D6-9702-B6F2EB35330D}"
EndProject
Project("{FAE04EC0-301F-11D3-BF4B-00C04F79EFBC}") = "Nexus.OAuth.Android", "Nexus.OAuth.Android\Nexus.OAuth.Android.csproj", "{0DD82101-6EAD-45FE-B6BC-576E2CCB211F}"
EndProject
Global
	GlobalSection(SolutionConfigurationPlatforms) = preSolution
		Debug|Any CPU = Debug|Any CPU
		Local|Any CPU = Local|Any CPU
		Release|Any CPU = Release|Any CPU
	EndGlobalSection
	GlobalSection(ProjectConfigurationPlatforms) = postSolution
		{2E03866C-A339-42C7-AD79-A7EA856C20D1}.Debug|Any CPU.ActiveCfg = Debug|Any CPU
		{2E03866C-A339-42C7-AD79-A7EA856C20D1}.Debug|Any CPU.Build.0 = Debug|Any CPU
		{2E03866C-A339-42C7-AD79-A7EA856C20D1}.Local|Any CPU.ActiveCfg = Local|Any CPU
		{2E03866C-A339-42C7-AD79-A7EA856C20D1}.Local|Any CPU.Build.0 = Local|Any CPU
		{2E03866C-A339-42C7-AD79-A7EA856C20D1}.Release|Any CPU.ActiveCfg = Release|Any CPU
		{2E03866C-A339-42C7-AD79-A7EA856C20D1}.Release|Any CPU.Build.0 = Release|Any CPU
		{16BF2F71-A9C3-46FF-9AEE-FB6DA21584E5}.Debug|Any CPU.ActiveCfg = Debug|Any CPU
		{16BF2F71-A9C3-46FF-9AEE-FB6DA21584E5}.Debug|Any CPU.Build.0 = Debug|Any CPU
		{16BF2F71-A9C3-46FF-9AEE-FB6DA21584E5}.Local|Any CPU.ActiveCfg = Local|Any CPU
		{16BF2F71-A9C3-46FF-9AEE-FB6DA21584E5}.Local|Any CPU.Build.0 = Local|Any CPU
		{16BF2F71-A9C3-46FF-9AEE-FB6DA21584E5}.Release|Any CPU.ActiveCfg = Release|Any CPU
		{16BF2F71-A9C3-46FF-9AEE-FB6DA21584E5}.Release|Any CPU.Build.0 = Release|Any CPU
		{D640D767-22CC-418A-A393-0A3D00580ABF}.Debug|Any CPU.ActiveCfg = Debug|Any CPU
		{D640D767-22CC-418A-A393-0A3D00580ABF}.Debug|Any CPU.Build.0 = Debug|Any CPU
		{D640D767-22CC-418A-A393-0A3D00580ABF}.Local|Any CPU.ActiveCfg = Debug|Any CPU
		{D640D767-22CC-418A-A393-0A3D00580ABF}.Local|Any CPU.Build.0 = Debug|Any CPU
		{D640D767-22CC-418A-A393-0A3D00580ABF}.Release|Any CPU.ActiveCfg = Release|Any CPU
		{D640D767-22CC-418A-A393-0A3D00580ABF}.Release|Any CPU.Build.0 = Release|Any CPU
		{EDC7263C-1E46-42C7-B81B-5B72C0EAEE55}.Debug|Any CPU.ActiveCfg = Debug|Any CPU
		{EDC7263C-1E46-42C7-B81B-5B72C0EAEE55}.Debug|Any CPU.Build.0 = Debug|Any CPU
		{EDC7263C-1E46-42C7-B81B-5B72C0EAEE55}.Local|Any CPU.ActiveCfg = Debug|Any CPU
		{EDC7263C-1E46-42C7-B81B-5B72C0EAEE55}.Local|Any CPU.Build.0 = Debug|Any CPU
		{EDC7263C-1E46-42C7-B81B-5B72C0EAEE55}.Release|Any CPU.ActiveCfg = Release|Any CPU
		{EDC7263C-1E46-42C7-B81B-5B72C0EAEE55}.Release|Any CPU.Build.0 = Release|Any CPU
		{1DAA4A76-48E9-44F6-9ABE-ED9102F3B527}.Debug|Any CPU.ActiveCfg = Debug|Any CPU
		{1DAA4A76-48E9-44F6-9ABE-ED9102F3B527}.Debug|Any CPU.Build.0 = Debug|Any CPU
		{1DAA4A76-48E9-44F6-9ABE-ED9102F3B527}.Local|Any CPU.ActiveCfg = Debug|Any CPU
		{1DAA4A76-48E9-44F6-9ABE-ED9102F3B527}.Local|Any CPU.Build.0 = Debug|Any CPU
		{1DAA4A76-48E9-44F6-9ABE-ED9102F3B527}.Release|Any CPU.ActiveCfg = Release|Any CPU
		{1DAA4A76-48E9-44F6-9ABE-ED9102F3B527}.Release|Any CPU.Build.0 = Release|Any CPU
		{232AEFF3-C074-41D6-9702-B6F2EB35330D}.Debug|Any CPU.ActiveCfg = Debug|Any CPU
		{232AEFF3-C074-41D6-9702-B6F2EB35330D}.Debug|Any CPU.Build.0 = Debug|Any CPU
		{232AEFF3-C074-41D6-9702-B6F2EB35330D}.Local|Any CPU.ActiveCfg = Debug|Any CPU
		{232AEFF3-C074-41D6-9702-B6F2EB35330D}.Local|Any CPU.Build.0 = Debug|Any CPU
		{232AEFF3-C074-41D6-9702-B6F2EB35330D}.Release|Any CPU.ActiveCfg = Release|Any CPU
		{232AEFF3-C074-41D6-9702-B6F2EB35330D}.Release|Any CPU.Build.0 = Release|Any CPU
		{0DD82101-6EAD-45FE-B6BC-576E2CCB211F}.Debug|Any CPU.ActiveCfg = Debug|Any CPU
		{0DD82101-6EAD-45FE-B6BC-576E2CCB211F}.Debug|Any CPU.Build.0 = Debug|Any CPU
		{0DD82101-6EAD-45FE-B6BC-576E2CCB211F}.Debug|Any CPU.Deploy.0 = Debug|Any CPU
		{0DD82101-6EAD-45FE-B6BC-576E2CCB211F}.Local|Any CPU.ActiveCfg = Debug|Any CPU
		{0DD82101-6EAD-45FE-B6BC-576E2CCB211F}.Local|Any CPU.Build.0 = Debug|Any CPU
		{0DD82101-6EAD-45FE-B6BC-576E2CCB211F}.Local|Any CPU.Deploy.0 = Debug|Any CPU
		{0DD82101-6EAD-45FE-B6BC-576E2CCB211F}.Release|Any CPU.ActiveCfg = Release|Any CPU
		{0DD82101-6EAD-45FE-B6BC-576E2CCB211F}.Release|Any CPU.Build.0 = Release|Any CPU
		{0DD82101-6EAD-45FE-B6BC-576E2CCB211F}.Release|Any CPU.Deploy.0 = Release|Any CPU
	EndGlobalSection
	GlobalSection(SolutionProperties) = preSolution
		HideSolutionNode = FALSE
	EndGlobalSection
	GlobalSection(NestedProjects) = preSolution
		{2E03866C-A339-42C7-AD79-A7EA856C20D1} = {7336DD91-318D-46CF-8566-E898F60AD147}
		{16BF2F71-A9C3-46FF-9AEE-FB6DA21584E5} = {7336DD91-318D-46CF-8566-E898F60AD147}
		{D640D767-22CC-418A-A393-0A3D00580ABF} = {28D2E67C-D51A-4F53-9508-219FF73F0368}
		{EDC7263C-1E46-42C7-B81B-5B72C0EAEE55} = {7336DD91-318D-46CF-8566-E898F60AD147}
		{1DAA4A76-48E9-44F6-9ABE-ED9102F3B527} = {28D2E67C-D51A-4F53-9508-219FF73F0368}
		{232AEFF3-C074-41D6-9702-B6F2EB35330D} = {28D2E67C-D51A-4F53-9508-219FF73F0368}
		{0DD82101-6EAD-45FE-B6BC-576E2CCB211F} = {28D2E67C-D51A-4F53-9508-219FF73F0368}
	EndGlobalSection
	GlobalSection(ExtensibilityGlobals) = postSolution
		SolutionGuid = {E4FD0CD7-77FF-4EC1-9D4B-A8143338D533}
	EndGlobalSection
EndGlobal
