
Microsoft Visual Studio Solution File, Format Version 12.00
# Visual Studio Version 17
VisualStudioVersion = 17.1.32421.90
MinimumVisualStudioVersion = 10.0.40219.1
Project("{9A19103F-16F7-4668-BE54-9A1E7A4F7556}") = "Nexus.OAuth.Api", "Nexus.OAuth.Api.csproj", "{6818F258-DF5B-426D-9D3D-FD24FDDCF300}"
EndProject
Project("{9A19103F-16F7-4668-BE54-9A1E7A4F7556}") = "Nexus.OAuth.Dal", "..\Nexus.OAuth.Dal\Nexus.OAuth.Dal.csproj", "{985D9D59-E642-43EC-BC15-4C8A868245FF}"
EndProject
Project("{9A19103F-16F7-4668-BE54-9A1E7A4F7556}") = "Nexus.OAuth.Domain", "..\Nexus.OAuth.Domain\Nexus.OAuth.Domain.csproj", "{6F25885E-4270-4BE6-AEEE-EB8D42DA43D8}"
EndProject
Global
	GlobalSection(SolutionConfigurationPlatforms) = preSolution
		Debug|Any CPU = Debug|Any CPU
		Local|Any CPU = Local|Any CPU
		Release|Any CPU = Release|Any CPU
	EndGlobalSection
	GlobalSection(ProjectConfigurationPlatforms) = postSolution
		{6818F258-DF5B-426D-9D3D-FD24FDDCF300}.Debug|Any CPU.ActiveCfg = Debug|Any CPU
		{6818F258-DF5B-426D-9D3D-FD24FDDCF300}.Debug|Any CPU.Build.0 = Debug|Any CPU
		{6818F258-DF5B-426D-9D3D-FD24FDDCF300}.Local|Any CPU.ActiveCfg = Local|Any CPU
		{6818F258-DF5B-426D-9D3D-FD24FDDCF300}.Local|Any CPU.Build.0 = Local|Any CPU
		{6818F258-DF5B-426D-9D3D-FD24FDDCF300}.Release|Any CPU.ActiveCfg = Release|Any CPU
		{6818F258-DF5B-426D-9D3D-FD24FDDCF300}.Release|Any CPU.Build.0 = Release|Any CPU
		{985D9D59-E642-43EC-BC15-4C8A868245FF}.Debug|Any CPU.ActiveCfg = Debug|Any CPU
		{985D9D59-E642-43EC-BC15-4C8A868245FF}.Debug|Any CPU.Build.0 = Debug|Any CPU
		{985D9D59-E642-43EC-BC15-4C8A868245FF}.Local|Any CPU.ActiveCfg = Local|Any CPU
		{985D9D59-E642-43EC-BC15-4C8A868245FF}.Local|Any CPU.Build.0 = Local|Any CPU
		{985D9D59-E642-43EC-BC15-4C8A868245FF}.Release|Any CPU.ActiveCfg = Release|Any CPU
		{985D9D59-E642-43EC-BC15-4C8A868245FF}.Release|Any CPU.Build.0 = Release|Any CPU
		{6F25885E-4270-4BE6-AEEE-EB8D42DA43D8}.Debug|Any CPU.ActiveCfg = Debug|Any CPU
		{6F25885E-4270-4BE6-AEEE-EB8D42DA43D8}.Debug|Any CPU.Build.0 = Debug|Any CPU
		{6F25885E-4270-4BE6-AEEE-EB8D42DA43D8}.Local|Any CPU.ActiveCfg = Local|Any CPU
		{6F25885E-4270-4BE6-AEEE-EB8D42DA43D8}.Local|Any CPU.Build.0 = Local|Any CPU
		{6F25885E-4270-4BE6-AEEE-EB8D42DA43D8}.Release|Any CPU.ActiveCfg = Release|Any CPU
		{6F25885E-4270-4BE6-AEEE-EB8D42DA43D8}.Release|Any CPU.Build.0 = Release|Any CPU
	EndGlobalSection
	GlobalSection(SolutionProperties) = preSolution
		HideSolutionNode = FALSE
	EndGlobalSection
	GlobalSection(ExtensibilityGlobals) = postSolution
		SolutionGuid = {1CF00CD8-B906-4AC6-9E4E-95282678A78A}
	EndGlobalSection
EndGlobal
